// !$*UTF8*$!
{
	archiveVersion = 1;
	classes = {
	};
	objectVersion = 46;
	objects = {

/* Begin PBXBuildFile section */
		491CE55319A1241900E6E143 /* Main.c in Sources */ = {isa = PBXBuildFile; fileRef = 491CE55219A1241900E6E143 /* Main.c */; };
		491CE55519A40AD800E6E143 /* SpaceShip.c in Sources */ = {isa = PBXBuildFile; fileRef = 491CE55419A40AD800E6E143 /* SpaceShip.c */; };
		4957367F197DB557008FF485 /* SampleStructureSprite.c in Sources */ = {isa = PBXBuildFile; fileRef = 4957367E197DB557008FF485 /* SampleStructureSprite.c */; };
		D34C649319A4FA9100C82E27 /* SDL2.framework in Frameworks */ = {isa = PBXBuildFile; fileRef = D34C649219A4FA9100C82E27 /* SDL2.framework */; };
		D34C649819A4FAE000C82E27 /* SDL2_image.framework in Frameworks */ = {isa = PBXBuildFile; fileRef = D34C649419A4FAE000C82E27 /* SDL2_image.framework */; };
		D34C649919A4FAE000C82E27 /* SDL2_mixer.framework in Frameworks */ = {isa = PBXBuildFile; fileRef = D34C649519A4FAE000C82E27 /* SDL2_mixer.framework */; };
		D34C649A19A4FAE000C82E27 /* SDL2_net.framework in Frameworks */ = {isa = PBXBuildFile; fileRef = D34C649619A4FAE000C82E27 /* SDL2_net.framework */; };
		D34C649B19A4FAE000C82E27 /* SDL2_ttf.framework in Frameworks */ = {isa = PBXBuildFile; fileRef = D34C649719A4FAE000C82E27 /* SDL2_ttf.framework */; };
/* End PBXBuildFile section */

/* Begin PBXFileReference section */
		491CE55219A1241900E6E143 /* Main.c */ = {isa = PBXFileReference; fileEncoding = 4; lastKnownFileType = sourcecode.c.c; path = Main.c; sourceTree = "<group>"; };
		491CE55419A40AD800E6E143 /* SpaceShip.c */ = {isa = PBXFileReference; fileEncoding = 4; lastKnownFileType = sourcecode.c.c; path = SpaceShip.c; sourceTree = "<group>"; };
		49573673197B483B008FF485 /* libSpaceInvader.dylib */ = {isa = PBXFileReference; explicitFileType = "compiled.mach-o.dylib"; includeInIndex = 0; path = libSpaceInvader.dylib; sourceTree = BUILT_PRODUCTS_DIR; };
		4957367E197DB557008FF485 /* SampleStructureSprite.c */ = {isa = PBXFileReference; fileEncoding = 4; lastKnownFileType = sourcecode.c.c; path = SampleStructureSprite.c; sourceTree = "<group>"; };
		49BDB48A197F072C00E37B83 /* SpriteFunc.h */ = {isa = PBXFileReference; lastKnownFileType = sourcecode.c.h; path = SpriteFunc.h; sourceTree = "<group>"; };
		D34C649219A4FA9100C82E27 /* SDL2.framework */ = {isa = PBXFileReference; lastKnownFileType = wrapper.framework; name = SDL2.framework; path = ../../../../Library/Frameworks/SDL2.framework; sourceTree = "<group>"; };
		D34C649419A4FAE000C82E27 /* SDL2_image.framework */ = {isa = PBXFileReference; lastKnownFileType = wrapper.framework; name = SDL2_image.framework; path = ../../../../Library/Frameworks/SDL2_image.framework; sourceTree = "<group>"; };
		D34C649519A4FAE000C82E27 /* SDL2_mixer.framework */ = {isa = PBXFileReference; lastKnownFileType = wrapper.framework; name = SDL2_mixer.framework; path = ../../../../Library/Frameworks/SDL2_mixer.framework; sourceTree = "<group>"; };
		D34C649619A4FAE000C82E27 /* SDL2_net.framework */ = {isa = PBXFileReference; lastKnownFileType = wrapper.framework; name = SDL2_net.framework; path = ../../../../Library/Frameworks/SDL2_net.framework; sourceTree = "<group>"; };
		D34C649719A4FAE000C82E27 /* SDL2_ttf.framework */ = {isa = PBXFileReference; lastKnownFileType = wrapper.framework; name = SDL2_ttf.framework; path = ../../../../Library/Frameworks/SDL2_ttf.framework; sourceTree = "<group>"; };
/* End PBXFileReference section */

/* Begin PBXFrameworksBuildPhase section */
		49573670197B483B008FF485 /* Frameworks */ = {
			isa = PBXFrameworksBuildPhase;
			buildActionMask = 2147483647;
			files = (
				D34C649819A4FAE000C82E27 /* SDL2_image.framework in Frameworks */,
				D34C649919A4FAE000C82E27 /* SDL2_mixer.framework in Frameworks */,
				D34C649A19A4FAE000C82E27 /* SDL2_net.framework in Frameworks */,
				D34C649B19A4FAE000C82E27 /* SDL2_ttf.framework in Frameworks */,
				D34C649319A4FA9100C82E27 /* SDL2.framework in Frameworks */,
			);
			runOnlyForDeploymentPostprocessing = 0;
		};
/* End PBXFrameworksBuildPhase section */

/* Begin PBXGroup section */
		4957366A197B483B008FF485 = {
			isa = PBXGroup;
			children = (
				D34C649419A4FAE000C82E27 /* SDL2_image.framework */,
				D34C649519A4FAE000C82E27 /* SDL2_mixer.framework */,
				D34C649619A4FAE000C82E27 /* SDL2_net.framework */,
				D34C649719A4FAE000C82E27 /* SDL2_ttf.framework */,
				D34C649219A4FA9100C82E27 /* SDL2.framework */,
				49573674197B483B008FF485 /* Products */,
				4957367E197DB557008FF485 /* SampleStructureSprite.c */,
				49BDB48A197F072C00E37B83 /* SpriteFunc.h */,
				491CE55419A40AD800E6E143 /* SpaceShip.c */,
				491CE55219A1241900E6E143 /* Main.c */,
			);
			sourceTree = "<group>";
		};
		49573674197B483B008FF485 /* Products */ = {
			isa = PBXGroup;
			children = (
				49573673197B483B008FF485 /* libSpaceInvader.dylib */,
			);
			name = Products;
			sourceTree = "<group>";
		};
/* End PBXGroup section */

/* Begin PBXHeadersBuildPhase section */
		49573671197B483B008FF485 /* Headers */ = {
			isa = PBXHeadersBuildPhase;
			buildActionMask = 2147483647;
			files = (
			);
			runOnlyForDeploymentPostprocessing = 0;
		};
/* End PBXHeadersBuildPhase section */

/* Begin PBXNativeTarget section */
		49573672197B483B008FF485 /* SpaceInvader */ = {
			isa = PBXNativeTarget;
			buildConfigurationList = 49573677197B483B008FF485 /* Build configuration list for PBXNativeTarget "SpaceInvader" */;
			buildPhases = (
				4957366F197B483B008FF485 /* Sources */,
				49573670197B483B008FF485 /* Frameworks */,
				49573671197B483B008FF485 /* Headers */,
			);
			buildRules = (
			);
			dependencies = (
			);
			name = SpaceInvader;
			productName = SpaceInvader;
			productReference = 49573673197B483B008FF485 /* libSpaceInvader.dylib */;
			productType = "com.apple.product-type.library.dynamic";
		};
/* End PBXNativeTarget section */

/* Begin PBXProject section */
		4957366B197B483B008FF485 /* Project object */ = {
			isa = PBXProject;
			attributes = {
				LastUpgradeCheck = 0510;
				ORGANIZATIONNAME = "___FULLUSERNAME___";
			};
			buildConfigurationList = 4957366E197B483B008FF485 /* Build configuration list for PBXProject "SpaceInvader" */;
			compatibilityVersion = "Xcode 3.2";
			developmentRegion = English;
			hasScannedForEncodings = 0;
			knownRegions = (
				en,
			);
			mainGroup = 4957366A197B483B008FF485;
			productRefGroup = 49573674197B483B008FF485 /* Products */;
			projectDirPath = "";
			projectRoot = "";
			targets = (
				49573672197B483B008FF485 /* SpaceInvader */,
			);
		};
/* End PBXProject section */

/* Begin PBXSourcesBuildPhase section */
		4957366F197B483B008FF485 /* Sources */ = {
			isa = PBXSourcesBuildPhase;
			buildActionMask = 2147483647;
			files = (
				491CE55319A1241900E6E143 /* Main.c in Sources */,
				4957367F197DB557008FF485 /* SampleStructureSprite.c in Sources */,
				491CE55519A40AD800E6E143 /* SpaceShip.c in Sources */,
			);
			runOnlyForDeploymentPostprocessing = 0;
		};
/* End PBXSourcesBuildPhase section */

/* Begin XCBuildConfiguration section */
		49573675197B483B008FF485 /* Debug */ = {
			isa = XCBuildConfiguration;
			buildSettings = {
				ALWAYS_SEARCH_USER_PATHS = NO;
				CLANG_CXX_LANGUAGE_STANDARD = "gnu++0x";
				CLANG_CXX_LIBRARY = "libc++";
				CLANG_ENABLE_MODULES = YES;
				CLANG_ENABLE_OBJC_ARC = YES;
				CLANG_WARN_BOOL_CONVERSION = YES;
				CLANG_WARN_CONSTANT_CONVERSION = YES;
				CLANG_WARN_DIRECT_OBJC_ISA_USAGE = YES_ERROR;
				CLANG_WARN_EMPTY_BODY = YES;
				CLANG_WARN_ENUM_CONVERSION = YES;
				CLANG_WARN_INT_CONVERSION = YES;
				CLANG_WARN_OBJC_ROOT_CLASS = YES_ERROR;
				CLANG_WARN__DUPLICATE_METHOD_MATCH = YES;
				COPY_PHASE_STRIP = NO;
				GCC_C_LANGUAGE_STANDARD = gnu99;
				GCC_DYNAMIC_NO_PIC = NO;
				GCC_ENABLE_OBJC_EXCEPTIONS = YES;
				GCC_OPTIMIZATION_LEVEL = 0;
				GCC_PREPROCESSOR_DEFINITIONS = (
					"DEBUG=1",
					"$(inherited)",
				);
				GCC_SYMBOLS_PRIVATE_EXTERN = NO;
				GCC_WARN_64_TO_32_BIT_CONVERSION = YES;
				GCC_WARN_ABOUT_RETURN_TYPE = YES_ERROR;
				GCC_WARN_UNDECLARED_SELECTOR = YES;
				GCC_WARN_UNINITIALIZED_AUTOS = YES_AGGRESSIVE;
				GCC_WARN_UNUSED_FUNCTION = YES;
				GCC_WARN_UNUSED_VARIABLE = YES;
				MACOSX_DEPLOYMENT_TARGET = 10.9;
				ONLY_ACTIVE_ARCH = YES;
				SDKROOT = macosx;
			};
			name = Debug;
		};
		49573676197B483B008FF485 /* Release */ = {
			isa = XCBuildConfiguration;
			buildSettings = {
				ALWAYS_SEARCH_USER_PATHS = NO;
				CLANG_CXX_LANGUAGE_STANDARD = "gnu++0x";
				CLANG_CXX_LIBRARY = "libc++";
				CLANG_ENABLE_MODULES = YES;
				CLANG_ENABLE_OBJC_ARC = YES;
				CLANG_WARN_BOOL_CONVERSION = YES;
				CLANG_WARN_CONSTANT_CONVERSION = YES;
				CLANG_WARN_DIRECT_OBJC_ISA_USAGE = YES_ERROR;
				CLANG_WARN_EMPTY_BODY = YES;
				CLANG_WARN_ENUM_CONVERSION = YES;
				CLANG_WARN_INT_CONVERSION = YES;
				CLANG_WARN_OBJC_ROOT_CLASS = YES_ERROR;
				CLANG_WARN__DUPLICATE_METHOD_MATCH = YES;
				COPY_PHASE_STRIP = YES;
				DEBUG_INFORMATION_FORMAT = "dwarf-with-dsym";
				ENABLE_NS_ASSERTIONS = NO;
				GCC_C_LANGUAGE_STANDARD = gnu99;
				GCC_ENABLE_OBJC_EXCEPTIONS = YES;
				GCC_WARN_64_TO_32_BIT_CONVERSION = YES;
				GCC_WARN_ABOUT_RETURN_TYPE = YES_ERROR;
				GCC_WARN_UNDECLARED_SELECTOR = YES;
				GCC_WARN_UNINITIALIZED_AUTOS = YES_AGGRESSIVE;
				GCC_WARN_UNUSED_FUNCTION = YES;
				GCC_WARN_UNUSED_VARIABLE = YES;
				MACOSX_DEPLOYMENT_TARGET = 10.9;
				SDKROOT = macosx;
			};
			name = Release;
		};
		49573678197B483B008FF485 /* Debug */ = {
			isa = XCBuildConfiguration;
			buildSettings = {
				EXECUTABLE_PREFIX = lib;
				FRAMEWORK_SEARCH_PATHS = (
					"$(inherited)",
					/Library/Frameworks,
					"$(LOCAL_LIBRARY_DIR)/Frameworks",
				);
				New_Setting = "";
				"New_Setting[arch=*]" = "";
				PRODUCT_NAME = "$(TARGET_NAME)";
			};
			name = Debug;
		};
		49573679197B483B008FF485 /* Release */ = {
			isa = XCBuildConfiguration;
			buildSettings = {
				EXECUTABLE_PREFIX = lib;
				FRAMEWORK_SEARCH_PATHS = (
					"$(inherited)",
					/Library/Frameworks,
					"$(LOCAL_LIBRARY_DIR)/Frameworks",
				);
				New_Setting = "";
				"New_Setting[arch=*]" = "";
				PRODUCT_NAME = "$(TARGET_NAME)";
			};
			name = Release;
		};
/* End XCBuildConfiguration section */

/* Begin XCConfigurationList section */
		4957366E197B483B008FF485 /* Build configuration list for PBXProject "SpaceInvader" */ = {
			isa = XCConfigurationList;
			buildConfigurations = (
				49573675197B483B008FF485 /* Debug */,
				49573676197B483B008FF485 /* Release */,
			);
			defaultConfigurationIsVisible = 0;
			defaultConfigurationName = Release;
		};
		49573677197B483B008FF485 /* Build configuration list for PBXNativeTarget "SpaceInvader" */ = {
			isa = XCConfigurationList;
			buildConfigurations = (
				49573678197B483B008FF485 /* Debug */,
				49573679197B483B008FF485 /* Release */,
			);
			defaultConfigurationIsVisible = 0;
			defaultConfigurationName = Release;
		};
/* End XCConfigurationList section */
	};
	rootObject = 4957366B197B483B008FF485 /* Project object */;
}
